
Microsoft Visual Studio Solution File, Format Version 12.00
# Visual Studio Version 17
VisualStudioVersion = 17.2.32516.85
MinimumVisualStudioVersion = 10.0.40219.1
Project("{FAE04EC0-301F-11D3-BF4B-00C04F79EFBC}") = "WebApplication41", "WebApplication41\WebApplication41.csproj", "{34A3DED7-0452-44A3-BF0E-834CBCBB27B5}"
EndProject
Global
	GlobalSection(SolutionConfigurationPlatforms) = preSolution
		Debug|Any CPU = Debug|Any CPU
		Release|Any CPU = Release|Any CPU
	EndGlobalSection
	GlobalSection(ProjectConfigurationPlatforms) = postSolution
		{34A3DED7-0452-44A3-BF0E-834CBCBB27B5}.Debug|Any CPU.ActiveCfg = Debug|Any CPU
		{34A3DED7-0452-44A3-BF0E-834CBCBB27B5}.Debug|Any CPU.Build.0 = Debug|Any CPU
		{34A3DED7-0452-44A3-BF0E-834CBCBB27B5}.Release|Any CPU.ActiveCfg = Release|Any CPU
		{34A3DED7-0452-44A3-BF0E-834CBCBB27B5}.Release|Any CPU.Build.0 = Release|Any CPU
	EndGlobalSection
	GlobalSection(SolutionProperties) = preSolution
		HideSolutionNode = FALSE
	EndGlobalSection
	GlobalSection(ExtensibilityGlobals) = postSolution
		SolutionGuid = {BB9ACF4D-5D0A-4671-95E1-9C6F4DBA685D}
	EndGlobalSection
EndGlobal
